
Microsoft Visual Studio Solution File, Format Version 12.00
# Visual Studio Version 17
VisualStudioVersion = 17.11.35312.102
MinimumVisualStudioVersion = 10.0.40219.1
Project("{FAE04EC0-301F-11D3-BF4B-00C04F79EFBC}") = "NoSeElNombrejaja", "NoSeElNombrejaja\NoSeElNombrejaja.csproj", "{2B6F1350-ABFE-49B8-BCE9-3EC03F008CC6}"
EndProject
Global
	GlobalSection(SolutionConfigurationPlatforms) = preSolution
		Debug|Any CPU = Debug|Any CPU
		Release|Any CPU = Release|Any CPU
	EndGlobalSection
	GlobalSection(ProjectConfigurationPlatforms) = postSolution
		{2B6F1350-ABFE-49B8-BCE9-3EC03F008CC6}.Debug|Any CPU.ActiveCfg = Debug|Any CPU
		{2B6F1350-ABFE-49B8-BCE9-3EC03F008CC6}.Debug|Any CPU.Build.0 = Debug|Any CPU
		{2B6F1350-ABFE-49B8-BCE9-3EC03F008CC6}.Release|Any CPU.ActiveCfg = Release|Any CPU
		{2B6F1350-ABFE-49B8-BCE9-3EC03F008CC6}.Release|Any CPU.Build.0 = Release|Any CPU
	EndGlobalSection
	GlobalSection(SolutionProperties) = preSolution
		HideSolutionNode = FALSE
	EndGlobalSection
	GlobalSection(ExtensibilityGlobals) = postSolution
		SolutionGuid = {A7A9EB97-A0E6-4C54-B37E-846FD131282D}
	EndGlobalSection
EndGlobal
